
Microsoft Visual Studio Solution File, Format Version 12.00
# Visual Studio Version 17
VisualStudioVersion = 17.8.34525.116
MinimumVisualStudioVersion = 10.0.40219.1
Project("{FAE04EC0-301F-11D3-BF4B-00C04F79EFBC}") = "FrontEnd_GraphQL", "FrontEnd_GraphQL.csproj", "{E2FCEB04-F465-429A-9053-9BB6060E4E41}"
EndProject
Global
	GlobalSection(SolutionConfigurationPlatforms) = preSolution
		Debug|Any CPU = Debug|Any CPU
		Release|Any CPU = Release|Any CPU
	EndGlobalSection
	GlobalSection(ProjectConfigurationPlatforms) = postSolution
		{E2FCEB04-F465-429A-9053-9BB6060E4E41}.Debug|Any CPU.ActiveCfg = Debug|Any CPU
		{E2FCEB04-F465-429A-9053-9BB6060E4E41}.Debug|Any CPU.Build.0 = Debug|Any CPU
		{E2FCEB04-F465-429A-9053-9BB6060E4E41}.Release|Any CPU.ActiveCfg = Release|Any CPU
		{E2FCEB04-F465-429A-9053-9BB6060E4E41}.Release|Any CPU.Build.0 = Release|Any CPU
	EndGlobalSection
	GlobalSection(SolutionProperties) = preSolution
		HideSolutionNode = FALSE
	EndGlobalSection
	GlobalSection(ExtensibilityGlobals) = postSolution
		SolutionGuid = {6C11F7A3-61C4-4733-8CE5-AD58D6D1CFBA}
	EndGlobalSection
EndGlobal
